// !$*UTF8*$!
{
	archiveVersion = 1;
	classes = {
	};
	objectVersion = 77;
	objects = {

/* Begin PBXBuildFile section */
		5B00AA000000000000000050 /* SujudWidgetsExtension.appex in Embed Foundation Extensions */ = {isa = PBXBuildFile; fileRef = 5B00AA000000000000000001 /* SujudWidgetsExtension.appex */; platformFilter = ios; settings = {ATTRIBUTES = (RemoveHeadersOnCopy, ); }; };
		5B00AA000000000000000051 /* SujudWatch.app in Embed Watch Content */ = {isa = PBXBuildFile; fileRef = 5B00AA000000000000000002 /* SujudWatch.app */; platformFilter = ios; settings = {ATTRIBUTES = (RemoveHeadersOnCopy, ); }; };
		5B00AA000000000000000052 /* SujudWatchWidgetsExtension.appex in Embed Foundation Extensions */ = {isa = PBXBuildFile; fileRef = 5B00AA000000000000000003 /* SujudWatchWidgetsExtension.appex */; settings = {ATTRIBUTES = (RemoveHeadersOnCopy, ); }; };
/* End PBXBuildFile section */

/* Begin PBXContainerItemProxy section */
		07A2883A306DC3FC00958C16 /* PBXContainerItemProxy */ = {
			isa = PBXContainerItemProxy;
			containerPortal = 07A28824306DC3F400958C16 /* Project object */;
			proxyType = 1;
			remoteGlobalIDString = 07A2882B306DC3F400958C16;
			remoteInfo = Sujud;
		};
		07A28844306DC3FC00958C16 /* PBXContainerItemProxy */ = {
			isa = PBXContainerItemProxy;
			containerPortal = 07A28824306DC3F400958C16 /* Project object */;
			proxyType = 1;
			remoteGlobalIDString = 07A2882B306DC3F400958C16;
			remoteInfo = Sujud;
		};
		5B00AA000000000000000070 /* PBXContainerItemProxy */ = {
			isa = PBXContainerItemProxy;
			containerPortal = 07A28824306DC3F400958C16 /* Project object */;
			proxyType = 1;
			remoteGlobalIDString = 5B00AA000000000000000060;
			remoteInfo = SujudWidgetsExtension;
		};
		5B00AA000000000000000072 /* PBXContainerItemProxy */ = {
			isa = PBXContainerItemProxy;
			containerPortal = 07A28824306DC3F400958C16 /* Project object */;
			proxyType = 1;
			remoteGlobalIDString = 5B00AA000000000000000061;
			remoteInfo = SujudWatch;
		};
		5B00AA000000000000000074 /* PBXContainerItemProxy */ = {
			isa = PBXContainerItemProxy;
			containerPortal = 07A28824306DC3F400958C16 /* Project object */;
			proxyType = 1;
			remoteGlobalIDString = 5B00AA000000000000000062;
			remoteInfo = SujudWatchWidgetsExtension;
		};
/* End PBXContainerItemProxy section */

/* Begin PBXCopyFilesBuildPhase section */
		5B00AA000000000000000040 /* Embed Foundation Extensions */ = {
			isa = PBXCopyFilesBuildPhase;
			buildActionMask = 2147483647;
			dstPath = "";
			dstSubfolderSpec = 13;
			files = (
				5B00AA000000000000000050 /* SujudWidgetsExtension.appex in Embed Foundation Extensions */,
			);
			name = "Embed Foundation Extensions";
			runOnlyForDeploymentPostprocessing = 0;
		};
		5B00AA000000000000000041 /* Embed Watch Content */ = {
			isa = PBXCopyFilesBuildPhase;
			buildActionMask = 2147483647;
			dstPath = "$(CONTENTS_FOLDER_PATH)/Watch";
			dstSubfolderSpec = 16;
			files = (
				5B00AA000000000000000051 /* SujudWatch.app in Embed Watch Content */,
			);
			name = "Embed Watch Content";
			runOnlyForDeploymentPostprocessing = 0;
		};
		5B00AA000000000000000042 /* Embed Foundation Extensions */ = {
			isa = PBXCopyFilesBuildPhase;
			buildActionMask = 2147483647;
			dstPath = "";
			dstSubfolderSpec = 13;
			files = (
				5B00AA000000000000000052 /* SujudWatchWidgetsExtension.appex in Embed Foundation Extensions */,
			);
			name = "Embed Foundation Extensions";
			runOnlyForDeploymentPostprocessing = 0;
		};
/* End PBXCopyFilesBuildPhase section */

/* Begin PBXFileReference section */
		07A2882C306DC3F400958C16 /* Sujud.app */ = {isa = PBXFileReference; explicitFileType = wrapper.application; includeInIndex = 0; path = Sujud.app; sourceTree = BUILT_PRODUCTS_DIR; };
		07A28839306DC3FC00958C16 /* SujudTests.xctest */ = {isa = PBXFileReference; explicitFileType = wrapper.cfbundle; includeInIndex = 0; path = SujudTests.xctest; sourceTree = BUILT_PRODUCTS_DIR; };
		07A28843306DC3FC00958C16 /* SujudUITests.xctest */ = {isa = PBXFileReference; explicitFileType = wrapper.cfbundle; includeInIndex = 0; path = SujudUITests.xctest; sourceTree = BUILT_PRODUCTS_DIR; };
		5B00AA000000000000000001 /* SujudWidgetsExtension.appex */ = {isa = PBXFileReference; explicitFileType = "wrapper.app-extension"; includeInIndex = 0; path = SujudWidgetsExtension.appex; sourceTree = BUILT_PRODUCTS_DIR; };
		5B00AA000000000000000002 /* SujudWatch.app */ = {isa = PBXFileReference; explicitFileType = wrapper.application; includeInIndex = 0; path = SujudWatch.app; sourceTree = BUILT_PRODUCTS_DIR; };
		5B00AA000000000000000003 /* SujudWatchWidgetsExtension.appex */ = {isa = PBXFileReference; explicitFileType = "wrapper.app-extension"; includeInIndex = 0; path = SujudWatchWidgetsExtension.appex; sourceTree = BUILT_PRODUCTS_DIR; };
/* End PBXFileReference section */

/* Begin PBXFileSystemSynchronizedBuildFileExceptionSet section */
		5B00AA000000000000000020 /* Exceptions for "Sujud" folder in "Sujud" target */ = {
			isa = PBXFileSystemSynchronizedBuildFileExceptionSet;
			membershipExceptions = (
				Info.plist,
			);
			target = 07A2882B306DC3F400958C16 /* Sujud */;
		};
		5B00AA000000000000000021 /* Exceptions for "SujudWidgets" folder in "SujudWidgetsExtension" target */ = {
			isa = PBXFileSystemSynchronizedBuildFileExceptionSet;
			membershipExceptions = (
				Info.plist,
			);
			target = 5B00AA000000000000000060 /* SujudWidgetsExtension */;
		};
		5B00AA000000000000000022 /* Exceptions for "SujudWatchWidgets" folder in "SujudWatchWidgetsExtension" target */ = {
			isa = PBXFileSystemSynchronizedBuildFileExceptionSet;
			membershipExceptions = (
				Info.plist,
			);
			target = 5B00AA000000000000000062 /* SujudWatchWidgetsExtension */;
		};
/* End PBXFileSystemSynchronizedBuildFileExceptionSet section */

/* Begin PBXFileSystemSynchronizedRootGroup section */
		07A2882E306DC3F400958C16 /* Sujud */ = {
			isa = PBXFileSystemSynchronizedRootGroup;
			exceptions = (
				5B00AA000000000000000020 /* Exceptions for "Sujud" folder in "Sujud" target */,
			);
			path = Sujud;
			sourceTree = "<group>";
		};
		07A2883C306DC3FC00958C16 /* SujudTests */ = {
			isa = PBXFileSystemSynchronizedRootGroup;
			path = SujudTests;
			sourceTree = "<group>";
		};
		07A28846306DC3FC00958C16 /* SujudUITests */ = {
			isa = PBXFileSystemSynchronizedRootGroup;
			path = SujudUITests;
			sourceTree = "<group>";
		};
		5B00AA000000000000000010 /* Shared */ = {
			isa = PBXFileSystemSynchronizedRootGroup;
			path = Shared;
			sourceTree = "<group>";
		};
		5B00AA000000000000000011 /* SharedUI */ = {
			isa = PBXFileSystemSynchronizedRootGroup;
			path = SharedUI;
			sourceTree = "<group>";
		};
		5B00AA000000000000000012 /* SharedWidget */ = {
			isa = PBXFileSystemSynchronizedRootGroup;
			path = SharedWidget;
			sourceTree = "<group>";
		};
		5B00AA000000000000000013 /* SujudWidgets */ = {
			isa = PBXFileSystemSynchronizedRootGroup;
			exceptions = (
				5B00AA000000000000000021 /* Exceptions for "SujudWidgets" folder in "SujudWidgetsExtension" target */,
			);
			path = SujudWidgets;
			sourceTree = "<group>";
		};
		5B00AA000000000000000014 /* SujudWatch */ = {
			isa = PBXFileSystemSynchronizedRootGroup;
			path = SujudWatch;
			sourceTree = "<group>";
		};
		5B00AA000000000000000015 /* SujudWatchWidgets */ = {
			isa = PBXFileSystemSynchronizedRootGroup;
			exceptions = (
				5B00AA000000000000000022 /* Exceptions for "SujudWatchWidgets" folder in "SujudWatchWidgetsExtension" target */,
			);
			path = SujudWatchWidgets;
			sourceTree = "<group>";
		};
/* End PBXFileSystemSynchronizedRootGroup section */

/* Begin PBXFrameworksBuildPhase section */
		07A28829306DC3F400958C16 /* Frameworks */ = {
			isa = PBXFrameworksBuildPhase;
			buildActionMask = 2147483647;
			files = (
			);
			runOnlyForDeploymentPostprocessing = 0;
		};
		07A28836306DC3FC00958C16 /* Frameworks */ = {
			isa = PBXFrameworksBuildPhase;
			buildActionMask = 2147483647;
			files = (
			);
			runOnlyForDeploymentPostprocessing = 0;
		};
		07A28840306DC3FC00958C16 /* Frameworks */ = {
			isa = PBXFrameworksBuildPhase;
			buildActionMask = 2147483647;
			files = (
			);
			runOnlyForDeploymentPostprocessing = 0;
		};
		5B00AA000000000000000031 /* Frameworks */ = {
			isa = PBXFrameworksBuildPhase;
			buildActionMask = 2147483647;
			files = (
			);
			runOnlyForDeploymentPostprocessing = 0;
		};
		5B00AA000000000000000034 /* Frameworks */ = {
			isa = PBXFrameworksBuildPhase;
			buildActionMask = 2147483647;
			files = (
			);
			runOnlyForDeploymentPostprocessing = 0;
		};
		5B00AA000000000000000037 /* Frameworks */ = {
			isa = PBXFrameworksBuildPhase;
			buildActionMask = 2147483647;
			files = (
			);
			runOnlyForDeploymentPostprocessing = 0;
		};
/* End PBXFrameworksBuildPhase section */

/* Begin PBXGroup section */
		07A28823306DC3F400958C16 = {
			isa = PBXGroup;
			children = (
				07A2882E306DC3F400958C16 /* Sujud */,
				5B00AA000000000000000010 /* Shared */,
				5B00AA000000000000000011 /* SharedUI */,
				5B00AA000000000000000012 /* SharedWidget */,
				5B00AA000000000000000013 /* SujudWidgets */,
				5B00AA000000000000000014 /* SujudWatch */,
				5B00AA000000000000000015 /* SujudWatchWidgets */,
				07A2883C306DC3FC00958C16 /* SujudTests */,
				07A28846306DC3FC00958C16 /* SujudUITests */,
				07A2882D306DC3F400958C16 /* Products */,
			);
			sourceTree = "<group>";
		};
		07A2882D306DC3F400958C16 /* Products */ = {
			isa = PBXGroup;
			children = (
				07A2882C306DC3F400958C16 /* Sujud.app */,
				07A28839306DC3FC00958C16 /* SujudTests.xctest */,
				07A28843306DC3FC00958C16 /* SujudUITests.xctest */,
				5B00AA000000000000000001 /* SujudWidgetsExtension.appex */,
				5B00AA000000000000000002 /* SujudWatch.app */,
				5B00AA000000000000000003 /* SujudWatchWidgetsExtension.appex */,
			);
			name = Products;
			sourceTree = "<group>";
		};
/* End PBXGroup section */

/* Begin PBXNativeTarget section */
		07A2882B306DC3F400958C16 /* Sujud */ = {
			isa = PBXNativeTarget;
			buildConfigurationList = 07A2884D306DC3FC00958C16 /* Build configuration list for PBXNativeTarget "Sujud" */;
			buildPhases = (
				07A28828306DC3F400958C16 /* Sources */,
				07A28829306DC3F400958C16 /* Frameworks */,
				07A2882A306DC3F400958C16 /* Resources */,
				5B00AA000000000000000040 /* Embed Foundation Extensions */,
				5B00AA000000000000000041 /* Embed Watch Content */,
			);
			buildRules = (
			);
			dependencies = (
				5B00AA000000000000000071 /* PBXTargetDependency */,
				5B00AA000000000000000073 /* PBXTargetDependency */,
			);
			fileSystemSynchronizedGroups = (
				07A2882E306DC3F400958C16 /* Sujud */,
				5B00AA000000000000000010 /* Shared */,
				5B00AA000000000000000011 /* SharedUI */,
			);
			name = Sujud;
			packageProductDependencies = (
			);
			productName = Sujud;
			productReference = 07A2882C306DC3F400958C16 /* Sujud.app */;
			productType = "com.apple.product-type.application";
		};
		07A28838306DC3FC00958C16 /* SujudTests */ = {
			isa = PBXNativeTarget;
			buildConfigurationList = 07A28850306DC3FC00958C16 /* Build configuration list for PBXNativeTarget "SujudTests" */;
			buildPhases = (
				07A28835306DC3FC00958C16 /* Sources */,
				07A28836306DC3FC00958C16 /* Frameworks */,
				07A28837306DC3FC00958C16 /* Resources */,
			);
			buildRules = (
			);
			dependencies = (
				07A2883B306DC3FC00958C16 /* PBXTargetDependency */,
			);
			fileSystemSynchronizedGroups = (
				07A2883C306DC3FC00958C16 /* SujudTests */,
			);
			name = SujudTests;
			packageProductDependencies = (
			);
			productName = SujudTests;
			productReference = 07A28839306DC3FC00958C16 /* SujudTests.xctest */;
			productType = "com.apple.product-type.bundle.unit-test";
		};
		07A28842306DC3FC00958C16 /* SujudUITests */ = {
			isa = PBXNativeTarget;
			buildConfigurationList = 07A28853306DC3FC00958C16 /* Build configuration list for PBXNativeTarget "SujudUITests" */;
			buildPhases = (
				07A2883F306DC3FC00958C16 /* Sources */,
				07A28840306DC3FC00958C16 /* Frameworks */,
				07A28841306DC3FC00958C16 /* Resources */,
			);
			buildRules = (
			);
			dependencies = (
				07A28845306DC3FC00958C16 /* PBXTargetDependency */,
			);
			fileSystemSynchronizedGroups = (
				07A28846306DC3FC00958C16 /* SujudUITests */,
			);
			name = SujudUITests;
			packageProductDependencies = (
			);
			productName = SujudUITests;
			productReference = 07A28843306DC3FC00958C16 /* SujudUITests.xctest */;
			productType = "com.apple.product-type.bundle.ui-testing";
		};
		5B00AA000000000000000060 /* SujudWidgetsExtension */ = {
			isa = PBXNativeTarget;
			buildConfigurationList = 5B00AA000000000000000080 /* Build configuration list for PBXNativeTarget "SujudWidgetsExtension" */;
			buildPhases = (
				5B00AA000000000000000030 /* Sources */,
				5B00AA000000000000000031 /* Frameworks */,
				5B00AA000000000000000032 /* Resources */,
			);
			buildRules = (
			);
			dependencies = (
			);
			fileSystemSynchronizedGroups = (
				5B00AA000000000000000010 /* Shared */,
				5B00AA000000000000000012 /* SharedWidget */,
				5B00AA000000000000000013 /* SujudWidgets */,
			);
			name = SujudWidgetsExtension;
			packageProductDependencies = (
			);
			productName = SujudWidgetsExtension;
			productReference = 5B00AA000000000000000001 /* SujudWidgetsExtension.appex */;
			productType = "com.apple.product-type.app-extension";
		};
		5B00AA000000000000000061 /* SujudWatch */ = {
			isa = PBXNativeTarget;
			buildConfigurationList = 5B00AA000000000000000083 /* Build configuration list for PBXNativeTarget "SujudWatch" */;
			buildPhases = (
				5B00AA000000000000000033 /* Sources */,
				5B00AA000000000000000034 /* Frameworks */,
				5B00AA000000000000000035 /* Resources */,
				5B00AA000000000000000042 /* Embed Foundation Extensions */,
			);
			buildRules = (
			);
			dependencies = (
				5B00AA000000000000000075 /* PBXTargetDependency */,
			);
			fileSystemSynchronizedGroups = (
				5B00AA000000000000000010 /* Shared */,
				5B00AA000000000000000011 /* SharedUI */,
				5B00AA000000000000000014 /* SujudWatch */,
			);
			name = SujudWatch;
			packageProductDependencies = (
			);
			productName = SujudWatch;
			productReference = 5B00AA000000000000000002 /* SujudWatch.app */;
			productType = "com.apple.product-type.application";
		};
		5B00AA000000000000000062 /* SujudWatchWidgetsExtension */ = {
			isa = PBXNativeTarget;
			buildConfigurationList = 5B00AA000000000000000086 /* Build configuration list for PBXNativeTarget "SujudWatchWidgetsExtension" */;
			buildPhases = (
				5B00AA000000000000000036 /* Sources */,
				5B00AA000000000000000037 /* Frameworks */,
				5B00AA000000000000000038 /* Resources */,
			);
			buildRules = (
			);
			dependencies = (
			);
			fileSystemSynchronizedGroups = (
				5B00AA000000000000000010 /* Shared */,
				5B00AA000000000000000012 /* SharedWidget */,
				5B00AA000000000000000015 /* SujudWatchWidgets */,
			);
			name = SujudWatchWidgetsExtension;
			packageProductDependencies = (
			);
			productName = SujudWatchWidgetsExtension;
			productReference = 5B00AA000000000000000003 /* SujudWatchWidgetsExtension.appex */;
			productType = "com.apple.product-type.app-extension";
		};
/* End PBXNativeTarget section */

/* Begin PBXProject section */
		07A28824306DC3F400958C16 /* Project object */ = {
			isa = PBXProject;
			attributes = {
				BuildIndependentTargetsInParallel = 1;
				LastSwiftUpdateCheck = 2660;
				LastUpgradeCheck = 2630;
				TargetAttributes = {
					07A2882B306DC3F400958C16 = {
						CreatedOnToolsVersion = 26.3;
					};
					07A28838306DC3FC00958C16 = {
						CreatedOnToolsVersion = 26.3;
						TestTargetID = 07A2882B306DC3F400958C16;
					};
					07A28842306DC3FC00958C16 = {
						CreatedOnToolsVersion = 26.3;
						TestTargetID = 07A2882B306DC3F400958C16;
					};
					5B00AA000000000000000060 = {
						CreatedOnToolsVersion = 26.6;
					};
					5B00AA000000000000000061 = {
						CreatedOnToolsVersion = 26.6;
					};
					5B00AA000000000000000062 = {
						CreatedOnToolsVersion = 26.6;
					};
				};
			};
			buildConfigurationList = 07A28827306DC3F400958C16 /* Build configuration list for PBXProject "Sujud" */;
			developmentRegion = en;
			hasScannedForEncodings = 0;
			knownRegions = (
				en,
				Base,
				ar,
				bn,
				de,
				es,
				fa,
				fr,
				id,
				ms,
				ru,
				tr,
				ur,
			);
			mainGroup = 07A28823306DC3F400958C16;
			minimizedProjectReferenceProxies = 1;
			preferredProjectObjectVersion = 77;
			productRefGroup = 07A2882D306DC3F400958C16 /* Products */;
			projectDirPath = "";
			projectRoot = "";
			targets = (
				07A2882B306DC3F400958C16 /* Sujud */,
				5B00AA000000000000000060 /* SujudWidgetsExtension */,
				5B00AA000000000000000061 /* SujudWatch */,
				5B00AA000000000000000062 /* SujudWatchWidgetsExtension */,
				07A28838306DC3FC00958C16 /* SujudTests */,
				07A28842306DC3FC00958C16 /* SujudUITests */,
			);
		};
/* End PBXProject section */

/* Begin PBXResourcesBuildPhase section */
		07A2882A306DC3F400958C16 /* Resources */ = {
			isa = PBXResourcesBuildPhase;
			buildActionMask = 2147483647;
			files = (
			);
			runOnlyForDeploymentPostprocessing = 0;
		};
		07A28837306DC3FC00958C16 /* Resources */ = {
			isa = PBXResourcesBuildPhase;
			buildActionMask = 2147483647;
			files = (
			);
			runOnlyForDeploymentPostprocessing = 0;
		};
		07A28841306DC3FC00958C16 /* Resources */ = {
			isa = PBXResourcesBuildPhase;
			buildActionMask = 2147483647;
			files = (
			);
			runOnlyForDeploymentPostprocessing = 0;
		};
		5B00AA000000000000000032 /* Resources */ = {
			isa = PBXResourcesBuildPhase;
			buildActionMask = 2147483647;
			files = (
			);
			runOnlyForDeploymentPostprocessing = 0;
		};
		5B00AA000000000000000035 /* Resources */ = {
			isa = PBXResourcesBuildPhase;
			buildActionMask = 2147483647;
			files = (
			);
			runOnlyForDeploymentPostprocessing = 0;
		};
		5B00AA000000000000000038 /* Resources */ = {
			isa = PBXResourcesBuildPhase;
			buildActionMask = 2147483647;
			files = (
			);
			runOnlyForDeploymentPostprocessing = 0;
		};
/* End PBXResourcesBuildPhase section */

/* Begin PBXSourcesBuildPhase section */
		07A28828306DC3F400958C16 /* Sources */ = {
			isa = PBXSourcesBuildPhase;
			buildActionMask = 2147483647;
			files = (
			);
			runOnlyForDeploymentPostprocessing = 0;
		};
		07A28835306DC3FC00958C16 /* Sources */ = {
			isa = PBXSourcesBuildPhase;
			buildActionMask = 2147483647;
			files = (
			);
			runOnlyForDeploymentPostprocessing = 0;
		};
		07A2883F306DC3FC00958C16 /* Sources */ = {
			isa = PBXSourcesBuildPhase;
			buildActionMask = 2147483647;
			files = (
			);
			runOnlyForDeploymentPostprocessing = 0;
		};
		5B00AA000000000000000030 /* Sources */ = {
			isa = PBXSourcesBuildPhase;
			buildActionMask = 2147483647;
			files = (
			);
			runOnlyForDeploymentPostprocessing = 0;
		};
		5B00AA000000000000000033 /* Sources */ = {
			isa = PBXSourcesBuildPhase;
			buildActionMask = 2147483647;
			files = (
			);
			runOnlyForDeploymentPostprocessing = 0;
		};
		5B00AA000000000000000036 /* Sources */ = {
			isa = PBXSourcesBuildPhase;
			buildActionMask = 2147483647;
			files = (
			);
			runOnlyForDeploymentPostprocessing = 0;
		};
/* End PBXSourcesBuildPhase section */

/* Begin PBXTargetDependency section */
		07A2883B306DC3FC00958C16 /* PBXTargetDependency */ = {
			isa = PBXTargetDependency;
			target = 07A2882B306DC3F400958C16 /* Sujud */;
			targetProxy = 07A2883A306DC3FC00958C16 /* PBXContainerItemProxy */;
		};
		07A28845306DC3FC00958C16 /* PBXTargetDependency */ = {
			isa = PBXTargetDependency;
			target = 07A2882B306DC3F400958C16 /* Sujud */;
			targetProxy = 07A28844306DC3FC00958C16 /* PBXContainerItemProxy */;
		};
		5B00AA000000000000000071 /* PBXTargetDependency */ = {
			isa = PBXTargetDependency;
			platformFilter = ios;
			target = 5B00AA000000000000000060 /* SujudWidgetsExtension */;
			targetProxy = 5B00AA000000000000000070 /* PBXContainerItemProxy */;
		};
		5B00AA000000000000000073 /* PBXTargetDependency */ = {
			isa = PBXTargetDependency;
			platformFilter = ios;
			target = 5B00AA000000000000000061 /* SujudWatch */;
			targetProxy = 5B00AA000000000000000072 /* PBXContainerItemProxy */;
		};
		5B00AA000000000000000075 /* PBXTargetDependency */ = {
			isa = PBXTargetDependency;
			target = 5B00AA000000000000000062 /* SujudWatchWidgetsExtension */;
			targetProxy = 5B00AA000000000000000074 /* PBXContainerItemProxy */;
		};
/* End PBXTargetDependency section */

/* Begin XCBuildConfiguration section */
		07A2884B306DC3FC00958C16 /* Debug */ = {
			isa = XCBuildConfiguration;
			buildSettings = {
				ALWAYS_SEARCH_USER_PATHS = NO;
				ASSETCATALOG_COMPILER_GENERATE_SWIFT_ASSET_SYMBOL_EXTENSIONS = YES;
				CLANG_ANALYZER_NONNULL = YES;
				CLANG_ANALYZER_NUMBER_OBJECT_CONVERSION = YES_AGGRESSIVE;
				CLANG_CXX_LANGUAGE_STANDARD = "gnu++20";
				CLANG_ENABLE_MODULES = YES;
				CLANG_ENABLE_OBJC_ARC = YES;
				CLANG_ENABLE_OBJC_WEAK = YES;
				CLANG_WARN_BLOCK_CAPTURE_AUTORELEASING = YES;
				CLANG_WARN_BOOL_CONVERSION = YES;
				CLANG_WARN_COMMA = YES;
				CLANG_WARN_CONSTANT_CONVERSION = YES;
				CLANG_WARN_DEPRECATED_OBJC_IMPLEMENTATIONS = YES;
				CLANG_WARN_DIRECT_OBJC_ISA_USAGE = YES_ERROR;
				CLANG_WARN_DOCUMENTATION_COMMENTS = YES;
				CLANG_WARN_EMPTY_BODY = YES;
				CLANG_WARN_ENUM_CONVERSION = YES;
				CLANG_WARN_INFINITE_RECURSION = YES;
				CLANG_WARN_INT_CONVERSION = YES;
				CLANG_WARN_NON_LITERAL_NULL_CONVERSION = YES;
				CLANG_WARN_OBJC_IMPLICIT_RETAIN_SELF = YES;
				CLANG_WARN_OBJC_LITERAL_CONVERSION = YES;
				CLANG_WARN_OBJC_ROOT_CLASS = YES_ERROR;
				CLANG_WARN_QUOTED_INCLUDE_IN_FRAMEWORK_HEADER = YES;
				CLANG_WARN_RANGE_LOOP_ANALYSIS = YES;
				CLANG_WARN_STRICT_PROTOTYPES = YES;
				CLANG_WARN_SUSPICIOUS_MOVE = YES;
				CLANG_WARN_UNGUARDED_AVAILABILITY = YES_AGGRESSIVE;
				CLANG_WARN_UNREACHABLE_CODE = YES;
				CLANG_WARN__DUPLICATE_METHOD_MATCH = YES;
				COPY_PHASE_STRIP = NO;
				DEBUG_INFORMATION_FORMAT = dwarf;
				DEVELOPMENT_TEAM = 3T656WBX2L;
				ENABLE_STRICT_OBJC_MSGSEND = YES;
				ENABLE_TESTABILITY = YES;
				ENABLE_USER_SCRIPT_SANDBOXING = YES;
				GCC_C_LANGUAGE_STANDARD = gnu17;
				GCC_DYNAMIC_NO_PIC = NO;
				GCC_NO_COMMON_BLOCKS = YES;
				GCC_OPTIMIZATION_LEVEL = 0;
				GCC_PREPROCESSOR_DEFINITIONS = (
					"DEBUG=1",
					"$(inherited)",
				);
				GCC_WARN_64_TO_32_BIT_CONVERSION = YES;
				GCC_WARN_ABOUT_RETURN_TYPE = YES_ERROR;
				GCC_WARN_UNDECLARED_SELECTOR = YES;
				GCC_WARN_UNINITIALIZED_AUTOS = YES_AGGRESSIVE;
				GCC_WARN_UNUSED_FUNCTION = YES;
				GCC_WARN_UNUSED_VARIABLE = YES;
				LOCALIZATION_PREFERS_STRING_CATALOGS = YES;
				MTL_ENABLE_DEBUG_INFO = INCLUDE_SOURCE;
				MTL_FAST_MATH = YES;
				ONLY_ACTIVE_ARCH = YES;
				SWIFT_ACTIVE_COMPILATION_CONDITIONS = "DEBUG $(inherited)";
				SWIFT_OPTIMIZATION_LEVEL = "-Onone";
			};
			name = Debug;
		};
		07A2884C306DC3FC00958C16 /* Release */ = {
			isa = XCBuildConfiguration;
			buildSettings = {
				ALWAYS_SEARCH_USER_PATHS = NO;
				ASSETCATALOG_COMPILER_GENERATE_SWIFT_ASSET_SYMBOL_EXTENSIONS = YES;
				CLANG_ANALYZER_NONNULL = YES;
				CLANG_ANALYZER_NUMBER_OBJECT_CONVERSION = YES_AGGRESSIVE;
				CLANG_CXX_LANGUAGE_STANDARD = "gnu++20";
				CLANG_ENABLE_MODULES = YES;
				CLANG_ENABLE_OBJC_ARC = YES;
				CLANG_ENABLE_OBJC_WEAK = YES;
				CLANG_WARN_BLOCK_CAPTURE_AUTORELEASING = YES;
				CLANG_WARN_BOOL_CONVERSION = YES;
				CLANG_WARN_COMMA = YES;
				CLANG_WARN_CONSTANT_CONVERSION = YES;
				CLANG_WARN_DEPRECATED_OBJC_IMPLEMENTATIONS = YES;
				CLANG_WARN_DIRECT_OBJC_ISA_USAGE = YES_ERROR;
				CLANG_WARN_DOCUMENTATION_COMMENTS = YES;
				CLANG_WARN_EMPTY_BODY = YES;
				CLANG_WARN_ENUM_CONVERSION = YES;
				CLANG_WARN_INFINITE_RECURSION = YES;
				CLANG_WARN_INT_CONVERSION = YES;
				CLANG_WARN_NON_LITERAL_NULL_CONVERSION = YES;
				CLANG_WARN_OBJC_IMPLICIT_RETAIN_SELF = YES;
				CLANG_WARN_OBJC_LITERAL_CONVERSION = YES;
				CLANG_WARN_OBJC_ROOT_CLASS = YES_ERROR;
				CLANG_WARN_QUOTED_INCLUDE_IN_FRAMEWORK_HEADER = YES;
				CLANG_WARN_RANGE_LOOP_ANALYSIS = YES;
				CLANG_WARN_STRICT_PROTOTYPES = YES;
				CLANG_WARN_SUSPICIOUS_MOVE = YES;
				CLANG_WARN_UNGUARDED_AVAILABILITY = YES_AGGRESSIVE;
				CLANG_WARN_UNREACHABLE_CODE = YES;
				CLANG_WARN__DUPLICATE_METHOD_MATCH = YES;
				COPY_PHASE_STRIP = NO;
				DEBUG_INFORMATION_FORMAT = "dwarf-with-dsym";
				DEVELOPMENT_TEAM = 3T656WBX2L;
				ENABLE_NS_ASSERTIONS = NO;
				ENABLE_STRICT_OBJC_MSGSEND = YES;
				ENABLE_USER_SCRIPT_SANDBOXING = YES;
				GCC_C_LANGUAGE_STANDARD = gnu17;
				GCC_NO_COMMON_BLOCKS = YES;
				GCC_WARN_64_TO_32_BIT_CONVERSION = YES;
				GCC_WARN_ABOUT_RETURN_TYPE = YES_ERROR;
				GCC_WARN_UNDECLARED_SELECTOR = YES;
				GCC_WARN_UNINITIALIZED_AUTOS = YES_AGGRESSIVE;
				GCC_WARN_UNUSED_FUNCTION = YES;
				GCC_WARN_UNUSED_VARIABLE = YES;
				LOCALIZATION_PREFERS_STRING_CATALOGS = YES;
				MTL_ENABLE_DEBUG_INFO = NO;
				MTL_FAST_MATH = YES;
				SWIFT_COMPILATION_MODE = wholemodule;
			};
			name = Release;
		};
		07A2884E306DC3FC00958C16 /* Debug */ = {
			isa = XCBuildConfiguration;
			buildSettings = {
				ASSETCATALOG_COMPILER_APPICON_NAME = AppIcon;
				ASSETCATALOG_COMPILER_GLOBAL_ACCENT_COLOR_NAME = AccentColor;
				CODE_SIGN_ENTITLEMENTS = Sujud/Sujud.entitlements;
				"CODE_SIGN_ENTITLEMENTS[sdk=macosx*]" = "";
				CODE_SIGN_IDENTITY = "Apple Development";
				CODE_SIGN_STYLE = Automatic;
				CURRENT_PROJECT_VERSION = 5;
				DEVELOPMENT_TEAM = 3T656WBX2L;
				ENABLE_APP_SANDBOX = YES;
				ENABLE_PREVIEWS = YES;
				ENABLE_RESOURCE_ACCESS_LOCATION = YES;
				GENERATE_INFOPLIST_FILE = YES;
				INFOPLIST_FILE = Sujud/Info.plist;
				INFOPLIST_KEY_CFBundleDisplayName = Sujud;
				INFOPLIST_KEY_ITSAppUsesNonExemptEncryption = NO;
				INFOPLIST_KEY_LSApplicationCategoryType = "public.app-category.lifestyle";
				INFOPLIST_KEY_NSLocationUsageDescription = "Sujud uses your location to calculate prayer times and the Qibla direction. Your location stays on your devices.";
				INFOPLIST_KEY_NSLocationWhenInUseUsageDescription = "Sujud uses your location to calculate prayer times and the Qibla direction. Your location stays on your devices.";
				"INFOPLIST_KEY_UIApplicationSceneManifest_Generation[sdk=iphoneos*]" = YES;
				"INFOPLIST_KEY_UIApplicationSceneManifest_Generation[sdk=iphonesimulator*]" = YES;
				"INFOPLIST_KEY_UIApplicationSupportsIndirectInputEvents[sdk=iphoneos*]" = YES;
				"INFOPLIST_KEY_UIApplicationSupportsIndirectInputEvents[sdk=iphonesimulator*]" = YES;
				"INFOPLIST_KEY_UILaunchScreen_Generation[sdk=iphoneos*]" = YES;
				"INFOPLIST_KEY_UILaunchScreen_Generation[sdk=iphonesimulator*]" = YES;
				"INFOPLIST_KEY_UIStatusBarStyle[sdk=iphoneos*]" = UIStatusBarStyleDefault;
				"INFOPLIST_KEY_UIStatusBarStyle[sdk=iphonesimulator*]" = UIStatusBarStyleDefault;
				INFOPLIST_KEY_UISupportedInterfaceOrientations_iPad = "UIInterfaceOrientationPortrait UIInterfaceOrientationPortraitUpsideDown UIInterfaceOrientationLandscapeLeft UIInterfaceOrientationLandscapeRight";
				INFOPLIST_KEY_UISupportedInterfaceOrientations_iPhone = "UIInterfaceOrientationPortrait UIInterfaceOrientationLandscapeLeft UIInterfaceOrientationLandscapeRight";
				IPHONEOS_DEPLOYMENT_TARGET = 26.0;
				LD_RUNPATH_SEARCH_PATHS = "@executable_path/Frameworks";
				"LD_RUNPATH_SEARCH_PATHS[sdk=macosx*]" = "@executable_path/../Frameworks";
				MACOSX_DEPLOYMENT_TARGET = 15.0;
				MARKETING_VERSION = 1.0;
				PRODUCT_BUNDLE_IDENTIFIER = com.omarahmed.sujud;
				PRODUCT_NAME = "$(TARGET_NAME)";
				PROVISIONING_PROFILE_SPECIFIER = "";
				REGISTER_APP_GROUPS = YES;
				SDKROOT = auto;
				STRING_CATALOG_GENERATE_SYMBOLS = YES;
				SUPPORTED_PLATFORMS = "iphoneos iphonesimulator macosx";
				SUPPORTS_MACCATALYST = NO;
				SWIFT_APPROACHABLE_CONCURRENCY = YES;
				SWIFT_DEFAULT_ACTOR_ISOLATION = MainActor;
				SWIFT_EMIT_LOC_STRINGS = YES;
				SWIFT_UPCOMING_FEATURE_MEMBER_IMPORT_VISIBILITY = YES;
				SWIFT_VERSION = 5.0;
				TARGETED_DEVICE_FAMILY = "1,2";
			};
			name = Debug;
		};
		07A2884F306DC3FC00958C16 /* Release */ = {
			isa = XCBuildConfiguration;
			buildSettings = {
				ASSETCATALOG_COMPILER_APPICON_NAME = AppIcon;
				ASSETCATALOG_COMPILER_GLOBAL_ACCENT_COLOR_NAME = AccentColor;
				CODE_SIGN_ENTITLEMENTS = Sujud/Sujud.entitlements;
				"CODE_SIGN_ENTITLEMENTS[sdk=macosx*]" = "";
				CODE_SIGN_IDENTITY = "Apple Development";
				CODE_SIGN_STYLE = Automatic;
				CURRENT_PROJECT_VERSION = 5;
				DEVELOPMENT_TEAM = 3T656WBX2L;
				ENABLE_APP_SANDBOX = YES;
				ENABLE_PREVIEWS = YES;
				ENABLE_RESOURCE_ACCESS_LOCATION = YES;
				GENERATE_INFOPLIST_FILE = YES;
				INFOPLIST_FILE = Sujud/Info.plist;
				INFOPLIST_KEY_CFBundleDisplayName = Sujud;
				INFOPLIST_KEY_ITSAppUsesNonExemptEncryption = NO;
				INFOPLIST_KEY_LSApplicationCategoryType = "public.app-category.lifestyle";
				INFOPLIST_KEY_NSLocationUsageDescription = "Sujud uses your location to calculate prayer times and the Qibla direction. Your location stays on your devices.";
				INFOPLIST_KEY_NSLocationWhenInUseUsageDescription = "Sujud uses your location to calculate prayer times and the Qibla direction. Your location stays on your devices.";
				"INFOPLIST_KEY_UIApplicationSceneManifest_Generation[sdk=iphoneos*]" = YES;
				"INFOPLIST_KEY_UIApplicationSceneManifest_Generation[sdk=iphonesimulator*]" = YES;
				"INFOPLIST_KEY_UIApplicationSupportsIndirectInputEvents[sdk=iphoneos*]" = YES;
				"INFOPLIST_KEY_UIApplicationSupportsIndirectInputEvents[sdk=iphonesimulator*]" = YES;
				"INFOPLIST_KEY_UILaunchScreen_Generation[sdk=iphoneos*]" = YES;
				"INFOPLIST_KEY_UILaunchScreen_Generation[sdk=iphonesimulator*]" = YES;
				"INFOPLIST_KEY_UIStatusBarStyle[sdk=iphoneos*]" = UIStatusBarStyleDefault;
				"INFOPLIST_KEY_UIStatusBarStyle[sdk=iphonesimulator*]" = UIStatusBarStyleDefault;
				INFOPLIST_KEY_UISupportedInterfaceOrientations_iPad = "UIInterfaceOrientationPortrait UIInterfaceOrientationPortraitUpsideDown UIInterfaceOrientationLandscapeLeft UIInterfaceOrientationLandscapeRight";
				INFOPLIST_KEY_UISupportedInterfaceOrientations_iPhone = "UIInterfaceOrientationPortrait UIInterfaceOrientationLandscapeLeft UIInterfaceOrientationLandscapeRight";
				IPHONEOS_DEPLOYMENT_TARGET = 26.0;
				LD_RUNPATH_SEARCH_PATHS = "@executable_path/Frameworks";
				"LD_RUNPATH_SEARCH_PATHS[sdk=macosx*]" = "@executable_path/../Frameworks";
				MACOSX_DEPLOYMENT_TARGET = 15.0;
				MARKETING_VERSION = 1.0;
				PRODUCT_BUNDLE_IDENTIFIER = com.omarahmed.sujud;
				PRODUCT_NAME = "$(TARGET_NAME)";
				PROVISIONING_PROFILE_SPECIFIER = "";
				REGISTER_APP_GROUPS = YES;
				SDKROOT = auto;
				STRING_CATALOG_GENERATE_SYMBOLS = YES;
				SUPPORTED_PLATFORMS = "iphoneos iphonesimulator macosx";
				SUPPORTS_MACCATALYST = NO;
				SWIFT_APPROACHABLE_CONCURRENCY = YES;
				SWIFT_DEFAULT_ACTOR_ISOLATION = MainActor;
				SWIFT_EMIT_LOC_STRINGS = YES;
				SWIFT_UPCOMING_FEATURE_MEMBER_IMPORT_VISIBILITY = YES;
				SWIFT_VERSION = 5.0;
				TARGETED_DEVICE_FAMILY = "1,2";
			};
			name = Release;
		};
		07A28851306DC3FC00958C16 /* Debug */ = {
			isa = XCBuildConfiguration;
			buildSettings = {
				BUNDLE_LOADER = "$(TEST_HOST)";
				CODE_SIGN_STYLE = Automatic;
				CURRENT_PROJECT_VERSION = 5;
				GENERATE_INFOPLIST_FILE = YES;
				IPHONEOS_DEPLOYMENT_TARGET = 26.0;
				MACOSX_DEPLOYMENT_TARGET = 15.0;
				MARKETING_VERSION = 1.0;
				PRODUCT_BUNDLE_IDENTIFIER = com.omarahmed.sujud.tests;
				PRODUCT_NAME = "$(TARGET_NAME)";
				SDKROOT = auto;
				STRING_CATALOG_GENERATE_SYMBOLS = NO;
				SUPPORTED_PLATFORMS = "iphoneos iphonesimulator macosx";
				SWIFT_APPROACHABLE_CONCURRENCY = YES;
				SWIFT_EMIT_LOC_STRINGS = NO;
				SWIFT_UPCOMING_FEATURE_MEMBER_IMPORT_VISIBILITY = YES;
				SWIFT_VERSION = 5.0;
				TARGETED_DEVICE_FAMILY = "1,2";
				TEST_HOST = "$(BUILT_PRODUCTS_DIR)/Sujud.app/$(BUNDLE_EXECUTABLE_FOLDER_PATH)/Sujud";
			};
			name = Debug;
		};
		07A28852306DC3FC00958C16 /* Release */ = {
			isa = XCBuildConfiguration;
			buildSettings = {
				BUNDLE_LOADER = "$(TEST_HOST)";
				CODE_SIGN_STYLE = Automatic;
				CURRENT_PROJECT_VERSION = 5;
				GENERATE_INFOPLIST_FILE = YES;
				IPHONEOS_DEPLOYMENT_TARGET = 26.0;
				MACOSX_DEPLOYMENT_TARGET = 15.0;
				MARKETING_VERSION = 1.0;
				PRODUCT_BUNDLE_IDENTIFIER = com.omarahmed.sujud.tests;
				PRODUCT_NAME = "$(TARGET_NAME)";
				SDKROOT = auto;
				STRING_CATALOG_GENERATE_SYMBOLS = NO;
				SUPPORTED_PLATFORMS = "iphoneos iphonesimulator macosx";
				SWIFT_APPROACHABLE_CONCURRENCY = YES;
				SWIFT_EMIT_LOC_STRINGS = NO;
				SWIFT_UPCOMING_FEATURE_MEMBER_IMPORT_VISIBILITY = YES;
				SWIFT_VERSION = 5.0;
				TARGETED_DEVICE_FAMILY = "1,2";
				TEST_HOST = "$(BUILT_PRODUCTS_DIR)/Sujud.app/$(BUNDLE_EXECUTABLE_FOLDER_PATH)/Sujud";
			};
			name = Release;
		};
		07A28854306DC3FC00958C16 /* Debug */ = {
			isa = XCBuildConfiguration;
			buildSettings = {
				CODE_SIGN_STYLE = Automatic;
				CURRENT_PROJECT_VERSION = 5;
				GENERATE_INFOPLIST_FILE = YES;
				IPHONEOS_DEPLOYMENT_TARGET = 26.0;
				MACOSX_DEPLOYMENT_TARGET = 15.0;
				MARKETING_VERSION = 1.0;
				PRODUCT_BUNDLE_IDENTIFIER = com.omarahmed.sujud.uitests;
				PRODUCT_NAME = "$(TARGET_NAME)";
				SDKROOT = auto;
				STRING_CATALOG_GENERATE_SYMBOLS = NO;
				SUPPORTED_PLATFORMS = "iphoneos iphonesimulator macosx";
				SWIFT_APPROACHABLE_CONCURRENCY = YES;
				SWIFT_EMIT_LOC_STRINGS = NO;
				SWIFT_UPCOMING_FEATURE_MEMBER_IMPORT_VISIBILITY = YES;
				SWIFT_VERSION = 5.0;
				TARGETED_DEVICE_FAMILY = "1,2";
				TEST_TARGET_NAME = Sujud;
			};
			name = Debug;
		};
		07A28855306DC3FC00958C16 /* Release */ = {
			isa = XCBuildConfiguration;
			buildSettings = {
				CODE_SIGN_STYLE = Automatic;
				CURRENT_PROJECT_VERSION = 5;
				GENERATE_INFOPLIST_FILE = YES;
				IPHONEOS_DEPLOYMENT_TARGET = 26.0;
				MACOSX_DEPLOYMENT_TARGET = 15.0;
				MARKETING_VERSION = 1.0;
				PRODUCT_BUNDLE_IDENTIFIER = com.omarahmed.sujud.uitests;
				PRODUCT_NAME = "$(TARGET_NAME)";
				SDKROOT = auto;
				STRING_CATALOG_GENERATE_SYMBOLS = NO;
				SUPPORTED_PLATFORMS = "iphoneos iphonesimulator macosx";
				SWIFT_APPROACHABLE_CONCURRENCY = YES;
				SWIFT_EMIT_LOC_STRINGS = NO;
				SWIFT_UPCOMING_FEATURE_MEMBER_IMPORT_VISIBILITY = YES;
				SWIFT_VERSION = 5.0;
				TARGETED_DEVICE_FAMILY = "1,2";
				TEST_TARGET_NAME = Sujud;
			};
			name = Release;
		};
		5B00AA000000000000000081 /* Debug */ = {
			isa = XCBuildConfiguration;
			buildSettings = {
				CODE_SIGN_ENTITLEMENTS = SujudWidgets/SujudWidgets.entitlements;
				CODE_SIGN_STYLE = Automatic;
				CURRENT_PROJECT_VERSION = 5;
				GENERATE_INFOPLIST_FILE = YES;
				INFOPLIST_FILE = SujudWidgets/Info.plist;
				INFOPLIST_KEY_CFBundleDisplayName = Sujud;
				INFOPLIST_KEY_NSHumanReadableCopyright = "";
				INFOPLIST_KEY_NSLocationWhenInUseUsageDescription = "Sujud uses your location to calculate prayer times and the Qibla direction. Your location stays on your devices.";
				IPHONEOS_DEPLOYMENT_TARGET = 26.0;
				LD_RUNPATH_SEARCH_PATHS = (
					"$(inherited)",
					"@executable_path/Frameworks",
					"@executable_path/../../Frameworks",
				);
				MARKETING_VERSION = 1.0;
				PRODUCT_BUNDLE_IDENTIFIER = com.omarahmed.sujud.widgets;
				PRODUCT_NAME = "$(TARGET_NAME)";
				SDKROOT = iphoneos;
				SKIP_INSTALL = YES;
				STRING_CATALOG_GENERATE_SYMBOLS = YES;
				SUPPORTED_PLATFORMS = "iphoneos iphonesimulator";
				SUPPORTS_MACCATALYST = NO;
				SUPPORTS_MAC_DESIGNED_FOR_IPHONE_IPAD = NO;
				SUPPORTS_XR_DESIGNED_FOR_IPHONE_IPAD = NO;
				SWIFT_APPROACHABLE_CONCURRENCY = YES;
				SWIFT_EMIT_LOC_STRINGS = YES;
				SWIFT_UPCOMING_FEATURE_MEMBER_IMPORT_VISIBILITY = YES;
				SWIFT_VERSION = 5.0;
				TARGETED_DEVICE_FAMILY = "1,2";
			};
			name = Debug;
		};
		5B00AA000000000000000082 /* Release */ = {
			isa = XCBuildConfiguration;
			buildSettings = {
				CODE_SIGN_ENTITLEMENTS = SujudWidgets/SujudWidgets.entitlements;
				CODE_SIGN_STYLE = Automatic;
				CURRENT_PROJECT_VERSION = 5;
				GENERATE_INFOPLIST_FILE = YES;
				INFOPLIST_FILE = SujudWidgets/Info.plist;
				INFOPLIST_KEY_CFBundleDisplayName = Sujud;
				INFOPLIST_KEY_NSHumanReadableCopyright = "";
				INFOPLIST_KEY_NSLocationWhenInUseUsageDescription = "Sujud uses your location to calculate prayer times and the Qibla direction. Your location stays on your devices.";
				IPHONEOS_DEPLOYMENT_TARGET = 26.0;
				LD_RUNPATH_SEARCH_PATHS = (
					"$(inherited)",
					"@executable_path/Frameworks",
					"@executable_path/../../Frameworks",
				);
				MARKETING_VERSION = 1.0;
				PRODUCT_BUNDLE_IDENTIFIER = com.omarahmed.sujud.widgets;
				PRODUCT_NAME = "$(TARGET_NAME)";
				SDKROOT = iphoneos;
				SKIP_INSTALL = YES;
				STRING_CATALOG_GENERATE_SYMBOLS = YES;
				SUPPORTED_PLATFORMS = "iphoneos iphonesimulator";
				SUPPORTS_MACCATALYST = NO;
				SUPPORTS_MAC_DESIGNED_FOR_IPHONE_IPAD = NO;
				SUPPORTS_XR_DESIGNED_FOR_IPHONE_IPAD = NO;
				SWIFT_APPROACHABLE_CONCURRENCY = YES;
				SWIFT_EMIT_LOC_STRINGS = YES;
				SWIFT_UPCOMING_FEATURE_MEMBER_IMPORT_VISIBILITY = YES;
				SWIFT_VERSION = 5.0;
				TARGETED_DEVICE_FAMILY = "1,2";
				VALIDATE_PRODUCT = YES;
			};
			name = Release;
		};
		5B00AA000000000000000084 /* Debug */ = {
			isa = XCBuildConfiguration;
			buildSettings = {
				ASSETCATALOG_COMPILER_APPICON_NAME = AppIcon;
				ASSETCATALOG_COMPILER_GLOBAL_ACCENT_COLOR_NAME = AccentColor;
				CODE_SIGN_ENTITLEMENTS = SujudWatch/SujudWatch.entitlements;
				CODE_SIGN_STYLE = Automatic;
				CURRENT_PROJECT_VERSION = 5;
				ENABLE_PREVIEWS = YES;
				GENERATE_INFOPLIST_FILE = YES;
				INFOPLIST_KEY_CFBundleDisplayName = Sujud;
				INFOPLIST_KEY_ITSAppUsesNonExemptEncryption = NO;
				INFOPLIST_KEY_NSLocationWhenInUseUsageDescription = "Sujud uses your location to calculate prayer times and the Qibla direction. Your location stays on your devices.";
				INFOPLIST_KEY_UISupportedInterfaceOrientations = "UIInterfaceOrientationPortrait UIInterfaceOrientationPortraitUpsideDown";
				INFOPLIST_KEY_WKCompanionAppBundleIdentifier = com.omarahmed.sujud;
				INFOPLIST_KEY_WKRunsIndependentlyOfCompanionApp = YES;
				LD_RUNPATH_SEARCH_PATHS = (
					"$(inherited)",
					"@executable_path/Frameworks",
				);
				MARKETING_VERSION = 1.0;
				PRODUCT_BUNDLE_IDENTIFIER = com.omarahmed.sujud.watchkitapp;
				PRODUCT_NAME = "$(TARGET_NAME)";
				SDKROOT = watchos;
				SKIP_INSTALL = YES;
				STRING_CATALOG_GENERATE_SYMBOLS = YES;
				SWIFT_APPROACHABLE_CONCURRENCY = YES;
				SWIFT_DEFAULT_ACTOR_ISOLATION = MainActor;
				SWIFT_EMIT_LOC_STRINGS = YES;
				SWIFT_UPCOMING_FEATURE_MEMBER_IMPORT_VISIBILITY = YES;
				SWIFT_VERSION = 5.0;
				TARGETED_DEVICE_FAMILY = 4;
				WATCHOS_DEPLOYMENT_TARGET = 26.0;
			};
			name = Debug;
		};
		5B00AA000000000000000085 /* Release */ = {
			isa = XCBuildConfiguration;
			buildSettings = {
				ASSETCATALOG_COMPILER_APPICON_NAME = AppIcon;
				ASSETCATALOG_COMPILER_GLOBAL_ACCENT_COLOR_NAME = AccentColor;
				CODE_SIGN_ENTITLEMENTS = SujudWatch/SujudWatch.entitlements;
				CODE_SIGN_STYLE = Automatic;
				CURRENT_PROJECT_VERSION = 5;
				ENABLE_PREVIEWS = YES;
				GENERATE_INFOPLIST_FILE = YES;
				INFOPLIST_KEY_CFBundleDisplayName = Sujud;
				INFOPLIST_KEY_ITSAppUsesNonExemptEncryption = NO;
				INFOPLIST_KEY_NSLocationWhenInUseUsageDescription = "Sujud uses your location to calculate prayer times and the Qibla direction. Your location stays on your devices.";
				INFOPLIST_KEY_UISupportedInterfaceOrientations = "UIInterfaceOrientationPortrait UIInterfaceOrientationPortraitUpsideDown";
				INFOPLIST_KEY_WKCompanionAppBundleIdentifier = com.omarahmed.sujud;
				INFOPLIST_KEY_WKRunsIndependentlyOfCompanionApp = YES;
				LD_RUNPATH_SEARCH_PATHS = (
					"$(inherited)",
					"@executable_path/Frameworks",
				);
				MARKETING_VERSION = 1.0;
				PRODUCT_BUNDLE_IDENTIFIER = com.omarahmed.sujud.watchkitapp;
				PRODUCT_NAME = "$(TARGET_NAME)";
				SDKROOT = watchos;
				SKIP_INSTALL = YES;
				STRING_CATALOG_GENERATE_SYMBOLS = YES;
				SWIFT_APPROACHABLE_CONCURRENCY = YES;
				SWIFT_DEFAULT_ACTOR_ISOLATION = MainActor;
				SWIFT_EMIT_LOC_STRINGS = YES;
				SWIFT_UPCOMING_FEATURE_MEMBER_IMPORT_VISIBILITY = YES;
				SWIFT_VERSION = 5.0;
				TARGETED_DEVICE_FAMILY = 4;
				VALIDATE_PRODUCT = YES;
				WATCHOS_DEPLOYMENT_TARGET = 26.0;
			};
			name = Release;
		};
		5B00AA000000000000000087 /* Debug */ = {
			isa = XCBuildConfiguration;
			buildSettings = {
				CODE_SIGN_ENTITLEMENTS = SujudWatchWidgets/SujudWatchWidgets.entitlements;
				CODE_SIGN_STYLE = Automatic;
				CURRENT_PROJECT_VERSION = 5;
				GENERATE_INFOPLIST_FILE = YES;
				INFOPLIST_FILE = SujudWatchWidgets/Info.plist;
				INFOPLIST_KEY_CFBundleDisplayName = Sujud;
				INFOPLIST_KEY_NSHumanReadableCopyright = "";
				INFOPLIST_KEY_NSLocationWhenInUseUsageDescription = "Sujud uses your location to calculate prayer times and the Qibla direction. Your location stays on your devices.";
				LD_RUNPATH_SEARCH_PATHS = (
					"$(inherited)",
					"@executable_path/Frameworks",
					"@executable_path/../../Frameworks",
				);
				MARKETING_VERSION = 1.0;
				PRODUCT_BUNDLE_IDENTIFIER = com.omarahmed.sujud.watchkitapp.widgets;
				PRODUCT_NAME = "$(TARGET_NAME)";
				SDKROOT = watchos;
				SKIP_INSTALL = YES;
				STRING_CATALOG_GENERATE_SYMBOLS = YES;
				SWIFT_APPROACHABLE_CONCURRENCY = YES;
				SWIFT_EMIT_LOC_STRINGS = YES;
				SWIFT_UPCOMING_FEATURE_MEMBER_IMPORT_VISIBILITY = YES;
				SWIFT_VERSION = 5.0;
				TARGETED_DEVICE_FAMILY = 4;
				WATCHOS_DEPLOYMENT_TARGET = 26.0;
			};
			name = Debug;
		};
		5B00AA000000000000000088 /* Release */ = {
			isa = XCBuildConfiguration;
			buildSettings = {
				CODE_SIGN_ENTITLEMENTS = SujudWatchWidgets/SujudWatchWidgets.entitlements;
				CODE_SIGN_STYLE = Automatic;
				CURRENT_PROJECT_VERSION = 5;
				GENERATE_INFOPLIST_FILE = YES;
				INFOPLIST_FILE = SujudWatchWidgets/Info.plist;
				INFOPLIST_KEY_CFBundleDisplayName = Sujud;
				INFOPLIST_KEY_NSHumanReadableCopyright = "";
				INFOPLIST_KEY_NSLocationWhenInUseUsageDescription = "Sujud uses your location to calculate prayer times and the Qibla direction. Your location stays on your devices.";
				LD_RUNPATH_SEARCH_PATHS = (
					"$(inherited)",
					"@executable_path/Frameworks",
					"@executable_path/../../Frameworks",
				);
				MARKETING_VERSION = 1.0;
				PRODUCT_BUNDLE_IDENTIFIER = com.omarahmed.sujud.watchkitapp.widgets;
				PRODUCT_NAME = "$(TARGET_NAME)";
				SDKROOT = watchos;
				SKIP_INSTALL = YES;
				STRING_CATALOG_GENERATE_SYMBOLS = YES;
				SWIFT_APPROACHABLE_CONCURRENCY = YES;
				SWIFT_EMIT_LOC_STRINGS = YES;
				SWIFT_UPCOMING_FEATURE_MEMBER_IMPORT_VISIBILITY = YES;
				SWIFT_VERSION = 5.0;
				TARGETED_DEVICE_FAMILY = 4;
				VALIDATE_PRODUCT = YES;
				WATCHOS_DEPLOYMENT_TARGET = 26.0;
			};
			name = Release;
		};
/* End XCBuildConfiguration section */

/* Begin XCConfigurationList section */
		07A28827306DC3F400958C16 /* Build configuration list for PBXProject "Sujud" */ = {
			isa = XCConfigurationList;
			buildConfigurations = (
				07A2884B306DC3FC00958C16 /* Debug */,
				07A2884C306DC3FC00958C16 /* Release */,
			);
			defaultConfigurationIsVisible = 0;
			defaultConfigurationName = Release;
		};
		07A2884D306DC3FC00958C16 /* Build configuration list for PBXNativeTarget "Sujud" */ = {
			isa = XCConfigurationList;
			buildConfigurations = (
				07A2884E306DC3FC00958C16 /* Debug */,
				07A2884F306DC3FC00958C16 /* Release */,
			);
			defaultConfigurationIsVisible = 0;
			defaultConfigurationName = Release;
		};
		07A28850306DC3FC00958C16 /* Build configuration list for PBXNativeTarget "SujudTests" */ = {
			isa = XCConfigurationList;
			buildConfigurations = (
				07A28851306DC3FC00958C16 /* Debug */,
				07A28852306DC3FC00958C16 /* Release */,
			);
			defaultConfigurationIsVisible = 0;
			defaultConfigurationName = Release;
		};
		07A28853306DC3FC00958C16 /* Build configuration list for PBXNativeTarget "SujudUITests" */ = {
			isa = XCConfigurationList;
			buildConfigurations = (
				07A28854306DC3FC00958C16 /* Debug */,
				07A28855306DC3FC00958C16 /* Release */,
			);
			defaultConfigurationIsVisible = 0;
			defaultConfigurationName = Release;
		};
		5B00AA000000000000000080 /* Build configuration list for PBXNativeTarget "SujudWidgetsExtension" */ = {
			isa = XCConfigurationList;
			buildConfigurations = (
				5B00AA000000000000000081 /* Debug */,
				5B00AA000000000000000082 /* Release */,
			);
			defaultConfigurationIsVisible = 0;
			defaultConfigurationName = Release;
		};
		5B00AA000000000000000083 /* Build configuration list for PBXNativeTarget "SujudWatch" */ = {
			isa = XCConfigurationList;
			buildConfigurations = (
				5B00AA000000000000000084 /* Debug */,
				5B00AA000000000000000085 /* Release */,
			);
			defaultConfigurationIsVisible = 0;
			defaultConfigurationName = Release;
		};
		5B00AA000000000000000086 /* Build configuration list for PBXNativeTarget "SujudWatchWidgetsExtension" */ = {
			isa = XCConfigurationList;
			buildConfigurations = (
				5B00AA000000000000000087 /* Debug */,
				5B00AA000000000000000088 /* Release */,
			);
			defaultConfigurationIsVisible = 0;
			defaultConfigurationName = Release;
		};
/* End XCConfigurationList section */
	};
	rootObject = 07A28824306DC3F400958C16 /* Project object */;
}
